// !$*UTF8*$!
{
	archiveVersion = 1;
	classes = {
	};
	objectVersion = 60;
	objects = {

/* Begin PBXBuildFile section */
		A4000001000000000000AA02 /* main.swift in Sources */ = {isa = PBXBuildFile; fileRef = A4000001000000000000AA01 /* main.swift */; };
		A4000001000000000000AA04 /* ElevatedVision in Frameworks */ = {isa = PBXBuildFile; productRef = A4000001000000000000AA03 /* ElevatedVision */; };
		A4000001000000000000AA16 /* Assets.xcassets in Resources */ = {isa = PBXBuildFile; fileRef = A4000001000000000000AA17 /* Assets.xcassets */; };
/* End PBXBuildFile section */

/* Begin PBXFileReference section */
			A4000001000000000000AA01 /* main.swift */ = {isa = PBXFileReference; lastKnownFileType = sourcecode.swift; path = main.swift; sourceTree = "<group>"; };
			A4000001000000000000AA05 /* Elevated.app */ = {isa = PBXFileReference; explicitFileType = wrapper.application; includeInIndex = 0; path = Elevated.app; sourceTree = BUILT_PRODUCTS_DIR; };
			A4000001000000000000AA06 /* Info.plist */ = {isa = PBXFileReference; lastKnownFileType = text.plist.xml; path = Info.plist; sourceTree = "<group>"; };
			A4000001000000000000AA17 /* Assets.xcassets */ = {isa = PBXFileReference; lastKnownFileType = folder.assetcatalog; path = Assets.xcassets; sourceTree = "<group>"; };
			A4000001000000000000AA18 /* Identifiers.xcconfig */ = {isa = PBXFileReference; lastKnownFileType = text.xcconfig; path = Identifiers.xcconfig; sourceTree = "<group>"; };
/* End PBXFileReference section */

/* Begin PBXFrameworksBuildPhase section */
		A4000001000000000000AA07 /* Frameworks */ = {
			isa = PBXFrameworksBuildPhase;
			buildActionMask = 2147483647;
			files = (
				A4000001000000000000AA04 /* ElevatedVision in Frameworks */,
			);
			runOnlyForDeploymentPostprocessing = 0;
		};
/* End PBXFrameworksBuildPhase section */

/* Begin PBXGroup section */
		A4000001000000000000AA08 /* Products */ = {
			isa = PBXGroup;
			children = (
				A4000001000000000000AA05 /* Elevated.app */,
			);
			name = Products;
			sourceTree = "<group>";
		};
			A4000001000000000000AA09 /* AppVision */ = {
				isa = PBXGroup;
				children = (
					A4000001000000000000AA01 /* main.swift */,
					A4000001000000000000AA06 /* Info.plist */,
					A4000001000000000000AA17 /* Assets.xcassets */,
				);
				path = AppVision;
				sourceTree = SOURCE_ROOT;
			};
			A4000001000000000000AA19 /* Config */ = {
				isa = PBXGroup;
				children = (
					A4000001000000000000AA18 /* Identifiers.xcconfig */,
				);
				path = Config;
				sourceTree = SOURCE_ROOT;
			};
			A4000001000000000000AA0A = {
				isa = PBXGroup;
				children = (
					A4000001000000000000AA09 /* AppVision */,
					A4000001000000000000AA19 /* Config */,
					A4000001000000000000AA08 /* Products */,
				);
				sourceTree = "<group>";
			};
/* End PBXGroup section */

/* Begin PBXNativeTarget section */
		A4000001000000000000AA0B /* Elevated */ = {
			isa = PBXNativeTarget;
			buildConfigurationList = A4000001000000000000AA14 /* Build configuration list for PBXNativeTarget "Elevated" */;
			buildPhases = (
				A4000001000000000000AA30 /* Stamp Version */,
				A4000001000000000000AA0E /* Sources */,
				A4000001000000000000AA07 /* Frameworks */,
				A4000001000000000000AA0D /* Resources */,
			);
			buildRules = (
			);
			dependencies = (
			);
			name = Elevated;
			packageProductDependencies = (
				A4000001000000000000AA03 /* ElevatedVision */,
			);
			productName = Elevated;
			productReference = A4000001000000000000AA05 /* Elevated.app */;
			productType = "com.apple.product-type.application";
		};
/* End PBXNativeTarget section */

/* Begin PBXProject section */
		A4000001000000000000AA0C /* Project object */ = {
			isa = PBXProject;
			attributes = {
				BuildIndependentTargetsInParallel = 1;
				LastSwiftUpdateCheck = 1600;
				LastUpgradeCheck = 2630;
				TargetAttributes = {
					A4000001000000000000AA0B = {
						CreatedOnToolsVersion = 16.0;
					};
				};
			};
			buildConfigurationList = A4000001000000000000AA13 /* Build configuration list for PBXProject "ElevatedVision" */;
			compatibilityVersion = "Xcode 14.0";
			developmentRegion = en;
			hasScannedForEncodings = 0;
			knownRegions = (
				en,
				Base,
			);
			mainGroup = A4000001000000000000AA0A;
			packageReferences = (
				A4000001000000000000AA15 /* XCLocalSwiftPackageReference "elevated" */,
			);
			productRefGroup = A4000001000000000000AA08 /* Products */;
			projectDirPath = "";
			projectRoot = "";
			targets = (
				A4000001000000000000AA0B /* Elevated */,
			);
		};
/* End PBXProject section */

/* Begin PBXResourcesBuildPhase section */
		A4000001000000000000AA0D /* Resources */ = {
			isa = PBXResourcesBuildPhase;
			buildActionMask = 2147483647;
			files = (
				A4000001000000000000AA16 /* Assets.xcassets in Resources */,
			);
			runOnlyForDeploymentPostprocessing = 0;
		};
/* End PBXResourcesBuildPhase section */

/* Begin PBXShellScriptBuildPhase section */
		A4000001000000000000AA30 /* Stamp Version */ = {
			isa = PBXShellScriptBuildPhase;
			alwaysOutOfDate = 1;
			buildActionMask = 2147483647;
			files = (
			);
			inputPaths = (
			);
			name = "Stamp Version";
			outputPaths = (
			);
			runOnlyForDeploymentPostprocessing = 0;
			shellPath = /bin/sh;
			shellScript = "\"${SRCROOT}/stamp-version.sh\"\n";
		};
/* End PBXShellScriptBuildPhase section */

/* Begin PBXSourcesBuildPhase section */
		A4000001000000000000AA0E /* Sources */ = {
			isa = PBXSourcesBuildPhase;
			buildActionMask = 2147483647;
			files = (
				A4000001000000000000AA02 /* main.swift in Sources */,
			);
			runOnlyForDeploymentPostprocessing = 0;
		};
/* End PBXSourcesBuildPhase section */

/* Begin XCBuildConfiguration section */
			A4000001000000000000AA0F /* Debug */ = {
				isa = XCBuildConfiguration;
				baseConfigurationReference = A4000001000000000000AA18 /* Identifiers.xcconfig */;
				buildSettings = {
				ALWAYS_SEARCH_USER_PATHS = NO;
				ASSETCATALOG_COMPILER_GENERATE_SWIFT_ASSET_SYMBOL_EXTENSIONS = YES;
				CLANG_ANALYZER_NONNULL = YES;
				CLANG_ENABLE_MODULES = YES;
				CLANG_ENABLE_OBJC_ARC = YES;
				CLANG_ENABLE_OBJC_WEAK = YES;
				CLANG_WARN_BLOCK_CAPTURE_AUTORELEASING = YES;
				CLANG_WARN_BOOL_CONVERSION = YES;
				CLANG_WARN_COMMA = YES;
				CLANG_WARN_CONSTANT_CONVERSION = YES;
				CLANG_WARN_DEPRECATED_OBJC_IMPLEMENTATIONS = YES;
				CLANG_WARN_DIRECT_OBJC_ISA_USAGE = YES_ERROR;
				CLANG_WARN_EMPTY_BODY = YES;
				CLANG_WARN_ENUM_CONVERSION = YES;
				CLANG_WARN_INFINITE_RECURSION = YES;
				CLANG_WARN_INT_CONVERSION = YES;
				CLANG_WARN_NON_LITERAL_NULL_CONVERSION = YES;
				CLANG_WARN_OBJC_IMPLICIT_RETAIN_SELF = YES;
				CLANG_WARN_OBJC_LITERAL_CONVERSION = YES;
				CLANG_WARN_OBJC_ROOT_CLASS = YES_ERROR;
				CLANG_WARN_QUOTED_INCLUDE_IN_FRAMEWORK_HEADER = YES;
				CLANG_WARN_RANGE_LOOP_ANALYSIS = YES;
				CLANG_WARN_STRICT_PROTOTYPES = YES;
				CLANG_WARN_SUSPICIOUS_MOVE = YES;
				CLANG_WARN_UNINITIALIZED = YES;
				CLANG_WARN_UNREACHABLE_CODE = YES;
				CLANG_WARN__DUPLICATE_METHOD_EXCEPTION = YES;
				CLANG_WARN__DUPLICATE_METHOD_MATCH = YES;
				COPY_PHASE_STRIP = NO;
				DEBUG_INFORMATION_FORMAT = dwarf;
					DEVELOPMENT_TEAM = "$(ELEVATED_APPLE_TEAM_ID)";
				ENABLE_STRICT_OBJC_MSGSEND = YES;
				ENABLE_TESTABILITY = YES;
				ENABLE_USER_SCRIPT_SANDBOXING = NO;
				GCC_C_LANGUAGE_STANDARD = gnu17;
				GCC_DYNAMIC_NO_PIC = NO;
				GCC_NO_COMMON_BLOCKS = YES;
				GCC_OPTIMIZATION_LEVEL = 0;
				GCC_PREPROCESSOR_DEFINITIONS = (
					"DEBUG=1",
					"$(inherited)",
				);
				GCC_WARN_64_TO_32_BIT_CONVERSION = YES;
				GCC_WARN_ABOUT_RETURN_TYPE = YES_ERROR;
				GCC_WARN_UNDECLARED_SELECTOR = YES;
				GCC_WARN_UNINITIALIZED_AUTOS = YES_AGGRESSIVE;
				GCC_WARN_UNUSED_FUNCTION = YES;
				GCC_WARN_UNUSED_VARIABLE = YES;
				MTL_ENABLE_DEBUG_INFO = INCLUDE_SOURCE;
				MTL_FAST_MATH = YES;
				ONLY_ACTIVE_ARCH = YES;
				SDKROOT = xros;
				STRING_CATALOG_GENERATE_SYMBOLS = YES;
				SWIFT_ACTIVE_COMPILATION_CONDITIONS = DEBUG;
				SWIFT_OPTIMIZATION_LEVEL = "-Onone";
				SWIFT_VERSION = 6.0;
				XROS_DEPLOYMENT_TARGET = 26.0;
			};
			name = Debug;
		};
			A4000001000000000000AA10 /* Release */ = {
				isa = XCBuildConfiguration;
				baseConfigurationReference = A4000001000000000000AA18 /* Identifiers.xcconfig */;
				buildSettings = {
				ALWAYS_SEARCH_USER_PATHS = NO;
				ASSETCATALOG_COMPILER_GENERATE_SWIFT_ASSET_SYMBOL_EXTENSIONS = YES;
				CLANG_ANALYZER_NONNULL = YES;
				CLANG_ENABLE_MODULES = YES;
				CLANG_ENABLE_OBJC_ARC = YES;
				CLANG_ENABLE_OBJC_WEAK = YES;
				CLANG_WARN_BLOCK_CAPTURE_AUTORELEASING = YES;
				CLANG_WARN_BOOL_CONVERSION = YES;
				CLANG_WARN_COMMA = YES;
				CLANG_WARN_CONSTANT_CONVERSION = YES;
				CLANG_WARN_DEPRECATED_OBJC_IMPLEMENTATIONS = YES;
				CLANG_WARN_DIRECT_OBJC_ISA_USAGE = YES_ERROR;
				CLANG_WARN_DOCUMENTATION_COMMENTS = YES;
				CLANG_WARN_EMPTY_BODY = YES;
				CLANG_WARN_ENUM_CONVERSION = YES;
				CLANG_WARN_INFINITE_RECURSION = YES;
				CLANG_WARN_INT_CONVERSION = YES;
				CLANG_WARN_NON_LITERAL_NULL_CONVERSION = YES;
				CLANG_WARN_OBJC_IMPLICIT_RETAIN_SELF = YES;
				CLANG_WARN_OBJC_LITERAL_CONVERSION = YES;
				CLANG_WARN_OBJC_ROOT_CLASS = YES_ERROR;
				CLANG_WARN_QUOTED_INCLUDE_IN_FRAMEWORK_HEADER = YES;
				CLANG_WARN_RANGE_LOOP_ANALYSIS = YES;
				CLANG_WARN_STRICT_PROTOTYPES = YES;
				CLANG_WARN_SUSPICIOUS_MOVE = YES;
				CLANG_WARN_UNINITIALIZED = YES;
				CLANG_WARN_UNREACHABLE_CODE = YES;
				CLANG_WARN__DUPLICATE_METHOD_EXCEPTION = YES;
				CLANG_WARN__DUPLICATE_METHOD_MATCH = YES;
				COPY_PHASE_STRIP = NO;
				DEBUG_INFORMATION_FORMAT = "dwarf-with-dsym";
					DEVELOPMENT_TEAM = "$(ELEVATED_APPLE_TEAM_ID)";
				ENABLE_NS_ASSERTIONS = NO;
				ENABLE_STRICT_OBJC_MSGSEND = YES;
				ENABLE_USER_SCRIPT_SANDBOXING = NO;
				GCC_C_LANGUAGE_STANDARD = gnu17;
				GCC_NO_COMMON_BLOCKS = YES;
				GCC_WARN_64_TO_32_BIT_CONVERSION = YES;
				GCC_WARN_ABOUT_RETURN_TYPE = YES_ERROR;
				GCC_WARN_UNDECLARED_SELECTOR = YES;
				GCC_WARN_UNINITIALIZED_AUTOS = YES_AGGRESSIVE;
				GCC_WARN_UNUSED_FUNCTION = YES;
				GCC_WARN_UNUSED_VARIABLE = YES;
				MTL_FAST_MATH = YES;
				SDKROOT = xros;
				STRING_CATALOG_GENERATE_SYMBOLS = YES;
				SWIFT_COMPILATION_MODE = wholemodule;
				SWIFT_OPTIMIZATION_LEVEL = "-O";
				SWIFT_VERSION = 6.0;
				VALIDATE_PRODUCT = YES;
				XROS_DEPLOYMENT_TARGET = 26.0;
			};
			name = Release;
		};
			A4000001000000000000AA11 /* Debug */ = {
				isa = XCBuildConfiguration;
				baseConfigurationReference = A4000001000000000000AA18 /* Identifiers.xcconfig */;
				buildSettings = {
				ASSETCATALOG_COMPILER_APPICON_NAME = AppIcon;
				CODE_SIGN_STYLE = Automatic;
				CURRENT_PROJECT_VERSION = 01.33;
				GENERATE_INFOPLIST_FILE = NO;
				INFOPLIST_FILE = AppVision/Info.plist;
				LD_RUNPATH_SEARCH_PATHS = (
					"$(inherited)",
					"@executable_path/Frameworks",
				);
				MARKETING_VERSION = 26.4.7;
					PRODUCT_BUNDLE_IDENTIFIER = "$(ELEVATED_APP_IDENTIFIER)";
				PRODUCT_NAME = Elevated;
				SDKROOT = xros;
				SWIFT_EMIT_LOC_STRINGS = YES;
				SWIFT_VERSION = 6.0;
				TARGETED_DEVICE_FAMILY = 7;
				XROS_DEPLOYMENT_TARGET = 26.0;
			};
			name = Debug;
		};
			A4000001000000000000AA12 /* Release */ = {
				isa = XCBuildConfiguration;
				baseConfigurationReference = A4000001000000000000AA18 /* Identifiers.xcconfig */;
				buildSettings = {
				ASSETCATALOG_COMPILER_APPICON_NAME = AppIcon;
				CODE_SIGN_STYLE = Automatic;
				CURRENT_PROJECT_VERSION = 01.33;
				GENERATE_INFOPLIST_FILE = NO;
				INFOPLIST_FILE = AppVision/Info.plist;
				LD_RUNPATH_SEARCH_PATHS = (
					"$(inherited)",
					"@executable_path/Frameworks",
				);
				MARKETING_VERSION = 26.4.7;
					PRODUCT_BUNDLE_IDENTIFIER = "$(ELEVATED_APP_IDENTIFIER)";
				PRODUCT_NAME = Elevated;
				SDKROOT = xros;
				SWIFT_EMIT_LOC_STRINGS = YES;
				SWIFT_VERSION = 6.0;
				TARGETED_DEVICE_FAMILY = 7;
				XROS_DEPLOYMENT_TARGET = 26.0;
			};
			name = Release;
		};
/* End XCBuildConfiguration section */

/* Begin XCConfigurationList section */
		A4000001000000000000AA13 /* Build configuration list for PBXProject "ElevatedVision" */ = {
			isa = XCConfigurationList;
			buildConfigurations = (
				A4000001000000000000AA0F /* Debug */,
				A4000001000000000000AA10 /* Release */,
			);
			defaultConfigurationIsVisible = 0;
			defaultConfigurationName = Release;
		};
		A4000001000000000000AA14 /* Build configuration list for PBXNativeTarget "Elevated" */ = {
			isa = XCConfigurationList;
			buildConfigurations = (
				A4000001000000000000AA11 /* Debug */,
				A4000001000000000000AA12 /* Release */,
			);
			defaultConfigurationIsVisible = 0;
			defaultConfigurationName = Release;
		};
/* End XCConfigurationList section */

/* Begin XCLocalSwiftPackageReference section */
		A4000001000000000000AA15 /* XCLocalSwiftPackageReference "elevated" */ = {
			isa = XCLocalSwiftPackageReference;
			relativePath = elevated;
		};
/* End XCLocalSwiftPackageReference section */

/* Begin XCSwiftPackageProductDependency section */
		A4000001000000000000AA03 /* ElevatedVision */ = {
			isa = XCSwiftPackageProductDependency;
			package = A4000001000000000000AA15 /* XCLocalSwiftPackageReference "elevated" */;
			productName = ElevatedVision;
		};
/* End XCSwiftPackageProductDependency section */
	};
	rootObject = A4000001000000000000AA0C /* Project object */;
}
